{
    "lockfile_version": "1.0",
    "created_at": "2025-08-07T05:12:34.777888-07:00",
    "invocation": {
        "command": "tb",
        "args": [
            "run",
            "--dataset",
            "terminal-bench-core",
            "--task-id",
            "hello-world",
            "--agent",
            "oracle",
            "--output-path",
            "/Users/daljeet/Documents/fc-verifiers/test-run"
        ]
    },
    "harness": {
        "package": "terminal-bench",
        "version": "0.2.15",
        "is_editable_installation": false
    },
    "agent": {
        "name": "oracle",
        "import_path": "terminal_bench.agents.oracle_agent:OracleAgent",
        "model_name": "Oracle",
        "extra_kwargs": {
            "no_rebuild": false
        }
    },
    "run_config": {
        "log_level": "info",
        "livestream": false,
        "n_concurrent_trials": 4,
        "n_attempts": 1,
        "no_rebuild": false,
        "cleanup": false,
        "global_timeout_multiplier": 1.0,
        "global_agent_timeout_sec": null,
        "global_test_timeout_sec": null
    },
    "dataset": {
        "name": "terminal-bench-core",
        "version": "head",
        "local_path": null,
        "task_ids": [
            "hello-world"
        ],
        "registry_url": null,
        "local_registry_path": null
    }
}